
Microsoft Visual Studio Solution File, Format Version 12.00
# Visual Studio Version 16
VisualStudioVersion = 16.0.31515.178
MinimumVisualStudioVersion = 10.0.40219.1
Project("{FAE04EC0-301F-11D3-BF4B-00C04F79EFBC}") = "TipoviPodataka", "TipoviPodataka\TipoviPodataka.csproj", "{F88B1412-2570-4F67-93DC-7314DCA103C8}"
EndProject
Global
	GlobalSection(SolutionConfigurationPlatforms) = preSolution
		Debug|Any CPU = Debug|Any CPU
		Release|Any CPU = Release|Any CPU
	EndGlobalSection
	GlobalSection(ProjectConfigurationPlatforms) = postSolution
		{F88B1412-2570-4F67-93DC-7314DCA103C8}.Debug|Any CPU.ActiveCfg = Debug|Any CPU
		{F88B1412-2570-4F67-93DC-7314DCA103C8}.Debug|Any CPU.Build.0 = Debug|Any CPU
		{F88B1412-2570-4F67-93DC-7314DCA103C8}.Release|Any CPU.ActiveCfg = Release|Any CPU
		{F88B1412-2570-4F67-93DC-7314DCA103C8}.Release|Any CPU.Build.0 = Release|Any CPU
	EndGlobalSection
	GlobalSection(SolutionProperties) = preSolution
		HideSolutionNode = FALSE
	EndGlobalSection
	GlobalSection(ExtensibilityGlobals) = postSolution
		SolutionGuid = {CBD97601-C796-4900-8980-73A2F4B74BBD}
	EndGlobalSection
EndGlobal
